
Microsoft Visual Studio Solution File, Format Version 12.00
# Visual Studio Version 16
VisualStudioVersion = 16.0.31025.194
MinimumVisualStudioVersion = 10.0.40219.1
Project("{FAE04EC0-301F-11D3-BF4B-00C04F79EFBC}") = "SnakeBelov1.04", "SnakeBelov1.04.csproj", "{E2427B8E-6D16-4832-AC0C-67FDBF49C040}"
EndProject
Global
	GlobalSection(SolutionConfigurationPlatforms) = preSolution
		Debug|Any CPU = Debug|Any CPU
		Release|Any CPU = Release|Any CPU
	EndGlobalSection
	GlobalSection(ProjectConfigurationPlatforms) = postSolution
		{E2427B8E-6D16-4832-AC0C-67FDBF49C040}.Debug|Any CPU.ActiveCfg = Debug|Any CPU
		{E2427B8E-6D16-4832-AC0C-67FDBF49C040}.Debug|Any CPU.Build.0 = Debug|Any CPU
		{E2427B8E-6D16-4832-AC0C-67FDBF49C040}.Release|Any CPU.ActiveCfg = Release|Any CPU
		{E2427B8E-6D16-4832-AC0C-67FDBF49C040}.Release|Any CPU.Build.0 = Release|Any CPU
	EndGlobalSection
	GlobalSection(SolutionProperties) = preSolution
		HideSolutionNode = FALSE
	EndGlobalSection
	GlobalSection(ExtensibilityGlobals) = postSolution
		SolutionGuid = {86C2AC18-77EE-4C50-8BB9-B009C76ADBE0}
	EndGlobalSection
EndGlobal
